#MicroXplorer Configuration settings - do not modify
ADC1.Channel-1\#ChannelRegularConversion=ADC_CHANNEL_1
ADC1.IPParameters=Rank-1\#ChannelRegularConversion,Channel-1\#ChannelRegularConversion,SamplingTime-1\#ChannelRegularConversion,OffsetNumber-1\#ChannelRegularConversion,OffsetSignedSaturation-1\#ChannelRegularConversion,NbrOfConversionFlag,master
ADC1.NbrOfConversionFlag=1
ADC1.OffsetNumber-1\#ChannelRegularConversion=ADC_OFFSET_NONE
ADC1.OffsetSignedSaturation-1\#ChannelRegularConversion=DISABLE
ADC1.Rank-1\#ChannelRegularConversion=1
ADC1.SamplingTime-1\#ChannelRegularConversion=ADC_SAMPLETIME_1CYCLE_5
ADC1.master=1
ADC2.Channel-0\#ChannelRegularConversion=ADC_CHANNEL_0
ADC2.IPParameters=Rank-0\#ChannelRegularConversion,Channel-0\#ChannelRegularConversion,SamplingTime-0\#ChannelRegularConversion,OffsetNumber-0\#ChannelRegularConversion,OffsetSignedSaturation-0\#ChannelRegularConversion,NbrOfConversionFlag
ADC2.NbrOfConversionFlag=1
ADC2.OffsetNumber-0\#ChannelRegularConversion=ADC_OFFSET_NONE
ADC2.OffsetSignedSaturation-0\#ChannelRegularConversion=DISABLE
ADC2.Rank-0\#ChannelRegularConversion=1
ADC2.SamplingTime-0\#ChannelRegularConversion=ADC_SAMPLETIME_1CYCLE_5
ADC3.Channel-2\#ChannelRegularConversion=ADC_CHANNEL_0
ADC3.IPParameters=Rank-2\#ChannelRegularConversion,Channel-2\#ChannelRegularConversion,SamplingTime-2\#ChannelRegularConversion,OffsetNumber-2\#ChannelRegularConversion,OffsetSign-2\#ChannelRegularConversion,OffsetSaturation-2\#ChannelRegularConversion,OffsetSignedSaturation-2\#ChannelRegularConversion,NbrOfConversionFlag
ADC3.NbrOfConversionFlag=1
ADC3.OffsetNumber-2\#ChannelRegularConversion=ADC_OFFSET_NONE
ADC3.OffsetSaturation-2\#ChannelRegularConversion=DISABLE
ADC3.OffsetSign-2\#ChannelRegularConversion=ADC3_OFFSET_SIGN_NEGATIVE
ADC3.OffsetSignedSaturation-2\#ChannelRegularConversion=DISABLE
ADC3.Rank-2\#ChannelRegularConversion=1
ADC3.SamplingTime-2\#ChannelRegularConversion=ADC3_SAMPLETIME_2CYCLES_5
DAC1.DAC_Channel-DAC_OUT2=DAC_CHANNEL_2
DAC1.IPParameters=DAC_Channel-DAC_OUT2
ETH.IPParameters=MediaInterface
ETH.MediaInterface=HAL_ETH_RMII_MODE
FDCAN1.AutoRetransmission=ENABLE
FDCAN1.CalculateBaudRateNominal=124999
FDCAN1.CalculateTimeBitNominal=8000
FDCAN1.CalculateTimeQuantumNominal=500.00000000000006
FDCAN1.DataTimeSeg1=13
FDCAN1.DataTimeSeg2=2
FDCAN1.IPParameters=CalculateTimeQuantumNominal,CalculateTimeBitNominal,CalculateBaudRateNominal,NominalPrescaler,NominalTimeSeg1,NominalTimeSeg2,AutoRetransmission,DataTimeSeg1,DataTimeSeg2,ProtocolException
FDCAN1.NominalPrescaler=55
FDCAN1.NominalTimeSeg1=13
FDCAN1.NominalTimeSeg2=2
FDCAN1.ProtocolException=ENABLE
FDCAN2.AutoRetransmission=ENABLE
FDCAN2.CalculateBaudRateNominal=1374999
FDCAN2.CalculateTimeBitNominal=727
FDCAN2.CalculateTimeQuantumNominal=145.45454545454547
FDCAN2.IPParameters=CalculateTimeQuantumNominal,CalculateTimeBitNominal,CalculateBaudRateNominal,ProtocolException,AutoRetransmission
FDCAN2.ProtocolException=ENABLE
File.Version=6
GPIO.groupedBy=Group By Peripherals
I2C4.IPParameters=Timing
I2C4.Timing=0x60404E72
KeepUserPlacement=false
Mcu.CPN=STM32H735IGK6
Mcu.Family=STM32H7
Mcu.IP0=ADC1
Mcu.IP1=ADC2
Mcu.IP10=LTDC
Mcu.IP11=NVIC
Mcu.IP12=OCTOSPI1
Mcu.IP13=OCTOSPI2
Mcu.IP14=RCC
Mcu.IP15=SAI1
Mcu.IP16=SDMMC1
Mcu.IP17=SYS
Mcu.IP18=TIM1
Mcu.IP19=TIM4
Mcu.IP2=ADC3
Mcu.IP20=TIM5
Mcu.IP21=TIM17
Mcu.IP22=USART1
Mcu.IP23=USART3
Mcu.IP24=USB_OTG_HS
Mcu.IP3=CORTEX_M7
Mcu.IP4=DAC1
Mcu.IP5=DEBUG
Mcu.IP6=ETH
Mcu.IP7=FDCAN1
Mcu.IP8=FDCAN2
Mcu.IP9=I2C4
Mcu.IPNb=25
Mcu.Name=STM32H735IGKx
Mcu.Package=UFBGA176
Mcu.Pin0=PB8
Mcu.Pin1=PB6
Mcu.Pin10=PE3
Mcu.Pin100=PF15
Mcu.Pin101=PF13
Mcu.Pin102=PB10
Mcu.Pin103=PH8
Mcu.Pin104=PH10
Mcu.Pin105=PH12
Mcu.Pin106=PA0
Mcu.Pin107=PA1
Mcu.Pin108=PA1_C
Mcu.Pin109=PH4
Mcu.Pin11=PB9
Mcu.Pin110=PA4
Mcu.Pin111=PA5
Mcu.Pin112=PB2
Mcu.Pin113=PG0
Mcu.Pin114=PE7
Mcu.Pin115=PB11
Mcu.Pin116=PF12
Mcu.Pin117=PE12
Mcu.Pin118=PE13
Mcu.Pin119=PE15
Mcu.Pin12=PE0
Mcu.Pin120=PH6
Mcu.Pin121=PA2
Mcu.Pin122=PA0_C
Mcu.Pin123=PH3
Mcu.Pin124=PH5
Mcu.Pin125=PC4
Mcu.Pin126=PA6
Mcu.Pin127=PB0
Mcu.Pin128=PE10
Mcu.Pin129=PF14
Mcu.Pin13=PB7
Mcu.Pin130=PE9
Mcu.Pin131=PE11
Mcu.Pin132=VP_OCTOSPI1_VS_octo
Mcu.Pin133=VP_OCTOSPI2_VS_octo
Mcu.Pin134=VP_SYS_VS_Systick
Mcu.Pin135=VP_TIM17_VS_ClockSourceINT
Mcu.Pin14=PB4(NJTRST)
Mcu.Pin15=PG13
Mcu.Pin16=PD7
Mcu.Pin17=PD5
Mcu.Pin18=PD2
Mcu.Pin19=PC12
Mcu.Pin2=PB3(JTDO/TRACESWO)
Mcu.Pin20=PH14
Mcu.Pin21=PA13(JTMS/SWDIO)
Mcu.Pin22=PA8
Mcu.Pin23=PA12
Mcu.Pin24=PC13
Mcu.Pin25=PE2
Mcu.Pin26=PE1
Mcu.Pin27=PB5
Mcu.Pin28=PG14
Mcu.Pin29=PG10
Mcu.Pin3=PG11
Mcu.Pin30=PD4
Mcu.Pin31=PD0
Mcu.Pin32=PC11
Mcu.Pin33=PC10
Mcu.Pin34=PH13
Mcu.Pin35=PA10
Mcu.Pin36=PA11
Mcu.Pin37=PC15-OSC32_OUT
Mcu.Pin38=PC14-OSC32_IN
Mcu.Pin39=PE5
Mcu.Pin4=PG9
Mcu.Pin40=PG15
Mcu.Pin41=PG12
Mcu.Pin42=PD6
Mcu.Pin43=PH15
Mcu.Pin44=PA9
Mcu.Pin45=PC8
Mcu.Pin46=PC7
Mcu.Pin47=PE6
Mcu.Pin48=PC9
Mcu.Pin49=PC6
Mcu.Pin5=PD3
Mcu.Pin50=PF1
Mcu.Pin51=PF0
Mcu.Pin52=PG6
Mcu.Pin53=PG5
Mcu.Pin54=PF2
Mcu.Pin55=PG8
Mcu.Pin56=PG7
Mcu.Pin57=PG4
Mcu.Pin58=PG2
Mcu.Pin59=PF6
Mcu.Pin6=PD1
Mcu.Pin60=PF4
Mcu.Pin61=PF5
Mcu.Pin62=PF3
Mcu.Pin63=PG3
Mcu.Pin64=PD14
Mcu.Pin65=PD13
Mcu.Pin66=PH0-OSC_IN
Mcu.Pin67=PF8
Mcu.Pin68=PF7
Mcu.Pin69=PF9
Mcu.Pin7=PA15(JTDI)
Mcu.Pin70=PD15
Mcu.Pin71=PD11
Mcu.Pin72=PD12
Mcu.Pin73=PH1-OSC_OUT
Mcu.Pin74=PF10
Mcu.Pin75=PD9
Mcu.Pin76=PB15
Mcu.Pin77=PB14
Mcu.Pin78=PC0
Mcu.Pin79=PC1
Mcu.Pin8=PA14(JTCK/SWCLK)
Mcu.Pin80=PD10
Mcu.Pin81=PD8
Mcu.Pin82=PB13
Mcu.Pin83=PC2
Mcu.Pin84=PC3
Mcu.Pin85=PC5
Mcu.Pin86=PB1
Mcu.Pin87=PH7
Mcu.Pin88=PE14
Mcu.Pin89=PH11
Mcu.Pin9=PE4
Mcu.Pin90=PH9
Mcu.Pin91=PB12
Mcu.Pin92=PC2_C
Mcu.Pin93=PC3_C
Mcu.Pin94=PH2
Mcu.Pin95=PA3
Mcu.Pin96=PA7
Mcu.Pin97=PF11
Mcu.Pin98=PE8
Mcu.Pin99=PG1
Mcu.PinsNb=136
Mcu.ThirdPartyNb=0
Mcu.UserConstants=
Mcu.UserName=STM32H735IGKx
MxCube.Version=6.6.1
MxDb.Version=DB.6.0.60
NVIC.BusFault_IRQn=true\:0\:0\:false\:false\:true\:false\:false\:false
NVIC.DebugMonitor_IRQn=true\:0\:0\:false\:false\:true\:false\:false\:false
NVIC.FDCAN1_IT0_IRQn=true\:0\:0\:false\:false\:true\:true\:true\:true
NVIC.FDCAN1_IT1_IRQn=true\:0\:0\:false\:false\:true\:true\:true\:true
NVIC.ForceEnableDMAVector=true
NVIC.HardFault_IRQn=true\:0\:0\:false\:false\:true\:false\:false\:false
NVIC.MemoryManagement_IRQn=true\:0\:0\:false\:false\:true\:false\:false\:false
NVIC.NonMaskableInt_IRQn=true\:0\:0\:false\:false\:true\:false\:false\:false
NVIC.PendSV_IRQn=true\:0\:0\:false\:false\:true\:false\:false\:false
NVIC.PriorityGroup=NVIC_PRIORITYGROUP_4
NVIC.SVCall_IRQn=true\:0\:0\:false\:false\:true\:false\:false\:false
NVIC.SysTick_IRQn=true\:0\:0\:false\:false\:true\:false\:true\:false
NVIC.TIM17_IRQn=true\:0\:0\:false\:false\:true\:true\:true\:true
NVIC.UsageFault_IRQn=true\:0\:0\:false\:false\:true\:false\:false\:false
PA0.GPIOParameters=GPIO_Label
PA0.GPIO_Label=ARD_D3
PA0.Locked=true
PA0.Signal=S_TIM5_CH1
PA0_C.GPIOParameters=GPIO_Label
PA0_C.GPIO_Label=ARD_A2
PA0_C.Locked=true
PA0_C.Signal=ADCx_INP0
PA1.GPIOParameters=GPIO_Speed,GPIO_Label
PA1.GPIO_Label=RMII_REF_CLK
PA1.GPIO_Speed=GPIO_SPEED_FREQ_LOW
PA1.Locked=true
PA1.Mode=RMII
PA1.Signal=ETH_REF_CLK
PA10.GPIOParameters=GPIO_Label
PA10.GPIO_Label=USB_FS_ID
PA10.Locked=true
PA10.Mode=OTG/Dual-Role-Device-FS
PA10.Signal=USB_OTG_HS_ID
PA11.GPIOParameters=GPIO_Label
PA11.GPIO_Label=USB_FS_DM
PA11.Locked=true
PA11.Mode=OTG/Dual-Role-Device-FS
PA11.Signal=USB_OTG_HS_DM
PA12.GPIOParameters=GPIO_Label
PA12.GPIO_Label=USB_FS_DP
PA12.Locked=true
PA12.Mode=OTG/Dual-Role-Device-FS
PA12.Signal=USB_OTG_HS_DP
PA13(JTMS/SWDIO).GPIOParameters=GPIO_Label
PA13(JTMS/SWDIO).GPIO_Label=JTMS
PA13(JTMS/SWDIO).Locked=true
PA13(JTMS/SWDIO).Mode=JTAG_5_pins
PA13(JTMS/SWDIO).Signal=DEBUG_JTMS-SWDIO
PA14(JTCK/SWCLK).GPIOParameters=GPIO_Label
PA14(JTCK/SWCLK).GPIO_Label=JTCK
PA14(JTCK/SWCLK).Locked=true
PA14(JTCK/SWCLK).Mode=JTAG_5_pins
PA14(JTCK/SWCLK).Signal=DEBUG_JTCK-SWCLK
PA15(JTDI).GPIOParameters=GPIO_Label
PA15(JTDI).GPIO_Label=JTDI
PA15(JTDI).Locked=true
PA15(JTDI).Mode=JTAG_5_pins
PA15(JTDI).Signal=DEBUG_JTDI
PA1_C.GPIOParameters=GPIO_Label
PA1_C.GPIO_Label=ARD_A3
PA1_C.Locked=true
PA1_C.Signal=ADCx_INP1
PA2.GPIOParameters=GPIO_Speed,GPIO_Label
PA2.GPIO_Label=RMII_MDIO
PA2.GPIO_Speed=GPIO_SPEED_FREQ_LOW
PA2.Locked=true
PA2.Mode=RMII
PA2.Signal=ETH_MDIO
PA3.GPIOParameters=GPIO_Speed,GPIO_Label
PA3.GPIO_Label=LCD_B5
PA3.GPIO_Speed=GPIO_SPEED_FREQ_LOW
PA3.Locked=true
PA3.Mode=RGB888
PA3.Signal=LTDC_B5
PA4.GPIOParameters=GPIO_Speed,GPIO_Label
PA4.GPIO_Label=LCD_VSYNC
PA4.GPIO_Speed=GPIO_SPEED_FREQ_LOW
PA4.Locked=true
PA4.Mode=RGB888
PA4.Signal=LTDC_VSYNC
PA5.GPIOParameters=GPIO_Label
PA5.GPIO_Label=DAC1_OUT2
PA5.Locked=true
PA5.Signal=COMP_DAC12_group
PA6.GPIOParameters=GPIO_Speed,GPIO_Label
PA6.GPIO_Label=LCD_G2
PA6.GPIO_Speed=GPIO_SPEED_FREQ_LOW
PA6.Locked=true
PA6.Mode=RGB888
PA6.Signal=LTDC_G2
PA7.GPIOParameters=GPIO_Speed,GPIO_Label
PA7.GPIO_Label=RMII_CRS_DV
PA7.GPIO_Speed=GPIO_SPEED_FREQ_LOW
PA7.Locked=true
PA7.Mode=RMII
PA7.Signal=ETH_CRS_DV
PA8.GPIOParameters=GPIO_Speed,GPIO_Label
PA8.GPIO_Label=LCD_B3
PA8.GPIO_Speed=GPIO_SPEED_FREQ_LOW
PA8.Locked=true
PA8.Mode=RGB888
PA8.Signal=LTDC_B3
PA9.GPIOParameters=GPIO_Label
PA9.GPIO_Label=USB_FS_VBUS
PA9.Locked=true
PA9.Mode=Activate_VBUS_FS
PA9.Signal=USB_OTG_HS_VBUS
PB0.GPIOParameters=GPIO_Speed,GPIO_Label
PB0.GPIO_Label=LCD_G1
PB0.GPIO_Speed=GPIO_SPEED_FREQ_LOW
PB0.Locked=true
PB0.Mode=RGB888
PB0.Signal=LTDC_G1
PB1.GPIOParameters=GPIO_Speed,GPIO_Label
PB1.GPIO_Label=LCD_G0
PB1.GPIO_Speed=GPIO_SPEED_FREQ_LOW
PB1.Locked=true
PB1.Mode=RGB888
PB1.Signal=LTDC_G0
PB10.GPIOParameters=GPIO_Label
PB10.GPIO_Label=RMII_RX_ER
PB10.Locked=true
PB10.Signal=ETH_RX_ER
PB11.GPIOParameters=GPIO_Speed,GPIO_Label
PB11.GPIO_Label=RMII_TX_EN
PB11.GPIO_Speed=GPIO_SPEED_FREQ_LOW
PB11.Locked=true
PB11.Mode=RMII
PB11.Signal=ETH_TX_EN
PB12.GPIOParameters=GPIO_Speed,GPIO_Label
PB12.GPIO_Label=RMII_TXD0
PB12.GPIO_Speed=GPIO_SPEED_FREQ_LOW
PB12.Locked=true
PB12.Mode=RMII
PB12.Signal=ETH_TXD0
PB13.GPIOParameters=GPIO_Speed,GPIO_Label
PB13.GPIO_Label=RMII_TXD1
PB13.GPIO_Speed=GPIO_SPEED_FREQ_LOW
PB13.Locked=true
PB13.Mode=RMII
PB13.Signal=ETH_TXD1
PB14.GPIOParameters=GPIO_PuPd,GPIO_Label
PB14.GPIO_Label=ARD_D1
PB14.GPIO_PuPd=GPIO_NOPULL
PB14.Locked=true
PB14.Mode=Asynchronous
PB14.Signal=USART1_TX
PB15.GPIOParameters=GPIO_PuPd,GPIO_Label
PB15.GPIO_Label=ARD_D0
PB15.GPIO_PuPd=GPIO_NOPULL
PB15.Locked=true
PB15.Mode=Asynchronous
PB15.Signal=USART1_RX
PB2.GPIOParameters=GPIO_Label
PB2.GPIO_Label=OCSPI1_DQS
PB2.Locked=true
PB2.Mode=OCTOSPI1_Port1_DQS
PB2.Signal=OCTOSPIM_P1_DQS
PB3(JTDO/TRACESWO).GPIOParameters=GPIO_Label
PB3(JTDO/TRACESWO).GPIO_Label=JTDO
PB3(JTDO/TRACESWO).Locked=true
PB3(JTDO/TRACESWO).Mode=JTAG_5_pins
PB3(JTDO/TRACESWO).Signal=DEBUG_JTDO-SWO
PB4(NJTRST).GPIOParameters=GPIO_Label
PB4(NJTRST).GPIO_Label=NJTRST
PB4(NJTRST).Locked=true
PB4(NJTRST).Mode=JTAG_5_pins
PB4(NJTRST).Signal=DEBUG_JTRST
PB5.GPIOParameters=GPIO_Label
PB5.GPIO_Label=FDCAN2_RX
PB5.Locked=true
PB5.Mode=FDCAN_Activate
PB5.Signal=FDCAN2_RX
PB6.GPIOParameters=GPIO_Label
PB6.GPIO_Label=FDCAN2_TX
PB6.Locked=true
PB6.Mode=FDCAN_Activate
PB6.Signal=FDCAN2_TX
PB7.GPIOParameters=GPIO_Label
PB7.GPIO_Label=ARD_D9
PB7.Locked=true
PB7.Signal=S_TIM4_CH2
PB8.GPIOParameters=GPIO_Speed,GPIO_Label
PB8.GPIO_Label=LCD_B6
PB8.GPIO_Speed=GPIO_SPEED_FREQ_LOW
PB8.Locked=true
PB8.Mode=RGB888
PB8.Signal=LTDC_B6
PB9.GPIOParameters=GPIO_Speed,GPIO_Label
PB9.GPIO_Label=LCD_B7
PB9.GPIO_Speed=GPIO_SPEED_FREQ_LOW
PB9.Locked=true
PB9.Mode=RGB888
PB9.Signal=LTDC_B7
PC0.GPIOParameters=GPIO_Label
PC0.GPIO_Label=ARD_A0
PC0.Locked=true
PC0.Signal=ADCx_INP10
PC1.GPIOParameters=GPIO_Speed,GPIO_Label
PC1.GPIO_Label=RMII_MDC
PC1.GPIO_Speed=GPIO_SPEED_FREQ_LOW
PC1.Locked=true
PC1.Mode=RMII
PC1.Signal=ETH_MDC
PC10.GPIOParameters=GPIO_Label
PC10.GPIO_Label=SDIO1_D2
PC10.Locked=true
PC10.Mode=SD_4_bits_Wide_bus
PC10.Signal=SDMMC1_D2
PC11.GPIOParameters=GPIO_Label
PC11.GPIO_Label=SDIO1_D3
PC11.Locked=true
PC11.Mode=SD_4_bits_Wide_bus
PC11.Signal=SDMMC1_D3
PC12.GPIOParameters=GPIO_Label
PC12.GPIO_Label=SDIO1_CK
PC12.Locked=true
PC12.Mode=SD_4_bits_Wide_bus
PC12.Signal=SDMMC1_CK
PC13.GPIOParameters=GPIO_Label
PC13.GPIO_Label=Blue button B2 used for wakeup
PC13.Locked=true
PC13.Signal=GPIO_Input
PC14-OSC32_IN.Mode=LSE-External-Oscillator
PC14-OSC32_IN.Signal=RCC_OSC32_IN
PC15-OSC32_OUT.Mode=LSE-External-Oscillator
PC15-OSC32_OUT.Signal=RCC_OSC32_OUT
PC2.GPIOParameters=GPIO_Label
PC2.GPIO_Label=USER_LED2
PC2.Locked=true
PC2.Signal=GPIO_Output
PC2_C.GPIOParameters=GPIO_Label
PC2_C.GPIO_Label=ARD_A4
PC2_C.Locked=true
PC2_C.Mode=IN0-Single-Ended
PC2_C.Signal=ADC3_INP0
PC3.GPIOParameters=GPIO_Label
PC3.GPIO_Label=USER_LED1
PC3.Locked=true
PC3.Signal=GPIO_Output
PC3_C.GPIOParameters=GPIO_Label
PC3_C.GPIO_Label=ARD_A5
PC3_C.Locked=true
PC3_C.Mode=IN1-Single-Ended
PC3_C.Signal=ADC3_INP1
PC4.GPIOParameters=GPIO_Speed,GPIO_Label
PC4.GPIO_Label=RMII_RXD0
PC4.GPIO_Speed=GPIO_SPEED_FREQ_LOW
PC4.Locked=true
PC4.Mode=RMII
PC4.Signal=ETH_RXD0
PC5.GPIOParameters=GPIO_Speed,GPIO_Label
PC5.GPIO_Label=RMII_RXD1
PC5.GPIO_Speed=GPIO_SPEED_FREQ_LOW
PC5.Locked=true
PC5.Mode=RMII
PC5.Signal=ETH_RXD1
PC6.GPIOParameters=GPIO_Speed,GPIO_Label
PC6.GPIO_Label=LCD_HSYNC
PC6.GPIO_Speed=GPIO_SPEED_FREQ_LOW
PC6.Locked=true
PC6.Mode=RGB888
PC6.Signal=LTDC_HSYNC
PC7.GPIOParameters=GPIO_Speed,GPIO_Label
PC7.GPIO_Label=LCD_G6
PC7.GPIO_Speed=GPIO_SPEED_FREQ_LOW
PC7.Locked=true
PC7.Mode=RGB888
PC7.Signal=LTDC_G6
PC8.GPIOParameters=GPIO_Label
PC8.GPIO_Label=SDIO1_D0
PC8.Locked=true
PC8.Mode=SD_4_bits_Wide_bus
PC8.Signal=SDMMC1_D0
PC9.GPIOParameters=GPIO_Label
PC9.GPIO_Label=SDIO1_D1
PC9.Locked=true
PC9.Mode=SD_4_bits_Wide_bus
PC9.Signal=SDMMC1_D1
PD0.GPIOParameters=GPIO_Speed,GPIO_Label
PD0.GPIO_Label=LCD_B1
PD0.GPIO_Speed=GPIO_SPEED_FREQ_LOW
PD0.Locked=true
PD0.Mode=RGB888
PD0.Signal=LTDC_B1
PD1.GPIOParameters=GPIO_PuPd,GPIO_Label
PD1.GPIO_Label=Detectn
PD1.GPIO_PuPd=GPIO_NOPULL
PD1.Locked=true
PD1.Signal=GPIO_Output
PD10.GPIOParameters=GPIO_Speed,GPIO_Label
PD10.GPIO_Label=LCD_DISP
PD10.GPIO_Speed=GPIO_SPEED_FREQ_LOW
PD10.Locked=true
PD10.Signal=GPIO_Output
PD11.GPIOParameters=GPIO_Label
PD11.GPIO_Label=OCSPI1_IO0
PD11.Locked=true
PD11.Mode=OCTOSPI1_IOL_Port1L
PD11.Signal=OCTOSPIM_P1_IO0
PD12.GPIOParameters=GPIO_Label
PD12.GPIO_Label=OCSPI1_IO1
PD12.Locked=true
PD12.Mode=OCTOSPI1_IOL_Port1L
PD12.Signal=OCTOSPIM_P1_IO1
PD13.GPIOParameters=GPIO_Label
PD13.GPIO_Label=OCSPI1_IO3
PD13.Locked=true
PD13.Mode=OCTOSPI1_IOL_Port1L
PD13.Signal=OCTOSPIM_P1_IO3
PD14.GPIOParameters=GPIO_Label
PD14.GPIO_Label=STMOD\#14-PWM
PD14.Locked=true
PD14.Signal=S_TIM4_CH3
PD15.GPIOParameters=GPIO_Label
PD15.GPIO_Label=ARD_D6
PD15.Locked=true
PD15.Signal=S_TIM4_CH4
PD2.GPIOParameters=GPIO_Label
PD2.GPIO_Label=SDIO1_CMD
PD2.Locked=true
PD2.Mode=SD_4_bits_Wide_bus
PD2.Signal=SDMMC1_CMD
PD3.GPIOParameters=GPIO_Speed,GPIO_Label
PD3.GPIO_Label=LCD_G7
PD3.GPIO_Speed=GPIO_SPEED_FREQ_LOW
PD3.Locked=true
PD3.Mode=RGB888
PD3.Signal=LTDC_G7
PD4.GPIOParameters=GPIO_Label
PD4.GPIO_Label=OCSPI1_IO4
PD4.Locked=true
PD4.Mode=OCTOSPI1_IOH_Port1H
PD4.Signal=OCTOSPIM_P1_IO4
PD5.GPIOParameters=GPIO_Label
PD5.GPIO_Label=OCSPI1_IO5
PD5.Locked=true
PD5.Mode=OCTOSPI1_IOH_Port1H
PD5.Signal=OCTOSPIM_P1_IO5
PD6.GPIOParameters=GPIO_Speed,GPIO_Label
PD6.GPIO_Label=LCD_B2
PD6.GPIO_Speed=GPIO_SPEED_FREQ_LOW
PD6.Locked=true
PD6.Mode=RGB888
PD6.Signal=LTDC_B2
PD7.GPIOParameters=GPIO_Label
PD7.GPIO_Label=OCSPI1_IO7
PD7.Locked=true
PD7.Mode=OCTOSPI1_IOH_Port1H
PD7.Signal=OCTOSPIM_P1_IO7
PD8.GPIOParameters=GPIO_PuPd,GPIO_Label
PD8.GPIO_Label=T_VCP_TX
PD8.GPIO_PuPd=GPIO_NOPULL
PD8.Locked=true
PD8.Mode=Asynchronous
PD8.Signal=USART3_TX
PD9.GPIOParameters=GPIO_PuPd,GPIO_Label
PD9.GPIO_Label=T_VCP_RX
PD9.GPIO_PuPd=GPIO_NOPULL
PD9.Locked=true
PD9.Mode=Asynchronous
PD9.Signal=USART3_RX
PE0.GPIOParameters=GPIO_Speed,GPIO_Label
PE0.GPIO_Label=LCD_R0
PE0.GPIO_Speed=GPIO_SPEED_FREQ_LOW
PE0.Locked=true
PE0.Mode=RGB888
PE0.Signal=LTDC_R0
PE1.GPIOParameters=GPIO_Speed,GPIO_Label
PE1.GPIO_Label=LCD_R6
PE1.GPIO_Speed=GPIO_SPEED_FREQ_LOW
PE1.Locked=true
PE1.Mode=RGB888
PE1.Signal=LTDC_R6
PE10.GPIOParameters=GPIO_Label
PE10.GPIO_Label=STMOD\#19
PE10.Locked=true
PE10.Signal=GPIO_Output
PE11.GPIOParameters=GPIO_Speed,GPIO_Label
PE11.GPIO_Label=LCD_G3
PE11.GPIO_Speed=GPIO_SPEED_FREQ_LOW
PE11.Locked=true
PE11.Mode=RGB888
PE11.Signal=LTDC_G3
PE12.GPIOParameters=GPIO_Speed,GPIO_Label
PE12.GPIO_Label=LCD_B4
PE12.GPIO_Speed=GPIO_SPEED_FREQ_LOW
PE12.Locked=true
PE12.Mode=RGB888
PE12.Signal=LTDC_B4
PE13.GPIOParameters=GPIO_Speed,GPIO_Label
PE13.GPIO_Label=LCD_DE
PE13.GPIO_Speed=GPIO_SPEED_FREQ_LOW
PE13.Locked=true
PE13.Mode=RGB888
PE13.Signal=LTDC_DE
PE14.GPIOParameters=GPIO_Label
PE14.GPIO_Label=ARD_D5
PE14.Locked=true
PE14.Signal=S_TIM1_CH4
PE15.GPIOParameters=GPIO_Speed,GPIO_Label
PE15.GPIO_Label=LCD_R7
PE15.GPIO_Speed=GPIO_SPEED_FREQ_LOW
PE15.Locked=true
PE15.Mode=RGB888
PE15.Signal=LTDC_R7
PE2.GPIOParameters=GPIO_Label
PE2.GPIO_Label=OCSPI1_IO2
PE2.Locked=true
PE2.Mode=OCTOSPI1_IOL_Port1L
PE2.Signal=OCTOSPIM_P1_IO2
PE3.GPIOParameters=GPIO_Label
PE3.GPIO_Label=ARD_D8
PE3.Locked=true
PE3.Signal=GPIO_Output
PE4.GPIOParameters=GPIO_Label
PE4.GPIO_Label=SAI4_D2
PE4.Locked=true
PE4.Signal=SAI4_D2
PE5.GPIOParameters=GPIO_Label
PE5.GPIO_Label=SAI4_CK2
PE5.Locked=true
PE5.Signal=SAI4_CK2
PE6.GPIOParameters=GPIO_Label
PE6.GPIO_Label=SAI1_SD_A
PE6.Locked=true
PE6.Mode=SAI_A_SyncSlave
PE6.Signal=SAI1_SD_A
PE7.GPIOParameters=GPIO_Label
PE7.GPIO_Label=STMOD\#17
PE7.Locked=true
PE7.Signal=GPIO_Output
PE8.GPIOParameters=GPIO_Label
PE8.GPIO_Label=Audio_Int
PE8.Locked=true
PE8.Signal=GPXTI8
PE9.GPIOParameters=GPIO_Label
PE9.GPIO_Label=STMOD\#18
PE9.Locked=true
PE9.Signal=GPIO_Output
PF0.GPIOParameters=GPIO_Label
PF0.GPIO_Label=OCSPI2_IO0
PF0.Locked=true
PF0.Mode=OCTOSPI2_IOL_Port2L
PF0.Signal=OCTOSPIM_P2_IO0
PF1.GPIOParameters=GPIO_Label
PF1.GPIO_Label=OCSPI2_IO1
PF1.Locked=true
PF1.Mode=OCTOSPI2_IOL_Port2L
PF1.Signal=OCTOSPIM_P2_IO1
PF10.GPIOParameters=GPIO_Label
PF10.GPIO_Label=OCSPI1_CLK
PF10.Locked=true
PF10.Mode=O1_P1_CLK
PF10.Signal=OCTOSPIM_P1_CLK
PF11.GPIOParameters=GPIO_Label
PF11.GPIO_Label=SPI5_MOSI
PF11.Locked=true
PF11.Signal=SPI5_MOSI
PF12.GPIOParameters=GPIO_Label
PF12.GPIO_Label=OCSPI2_DQS
PF12.Locked=true
PF12.Mode=OCTOSPI2_Port2_DQS
PF12.Signal=OCTOSPIM_P2_DQS
PF13.GPIOParameters=GPIO_Label
PF13.GPIO_Label=STMOD\#20
PF13.Locked=true
PF13.Signal=GPIO_Output
PF14.GPIOParameters=GPIO_Label,GPIO_Pu
PF14.GPIO_Label=I2C4_SCL
PF14.GPIO_Pu=GPIO_PULLUP
PF14.Locked=true
PF14.Mode=I2C
PF14.Signal=I2C4_SCL
PF15.GPIOParameters=GPIO_Label,GPIO_Pu
PF15.GPIO_Label=I2C4_SDA
PF15.GPIO_Pu=GPIO_PULLUP
PF15.Locked=true
PF15.Mode=I2C
PF15.Signal=I2C4_SDA
PF2.GPIOParameters=GPIO_Label
PF2.GPIO_Label=OCSPI2_IO2
PF2.Locked=true
PF2.Mode=OCTOSPI2_IOL_Port2L
PF2.Signal=OCTOSPIM_P2_IO2
PF3.GPIOParameters=GPIO_Label
PF3.GPIO_Label=OCSPI2_IO3
PF3.Locked=true
PF3.Mode=OCTOSPI2_IOL_Port2L
PF3.Signal=OCTOSPIM_P2_IO3
PF4.GPIOParameters=GPIO_Label
PF4.GPIO_Label=OCSPI2_CLK
PF4.Locked=true
PF4.Mode=O2_P2_CLK
PF4.Signal=OCTOSPIM_P2_CLK
PF5.GPIOParameters=GPIO_Label
PF5.GPIO_Label=uSD_Detect
PF5.Locked=true
PF5.Signal=GPXTI5
PF6.GPIOParameters=GPIO_Label
PF6.GPIO_Label=SAI1_SD_B
PF6.Locked=true
PF6.Mode=SAI_B_MasterWithClock
PF6.Signal=SAI1_SD_B
PF7.GPIOParameters=GPIO_Label
PF7.GPIO_Label=SAI1_MCLK_B
PF7.Locked=true
PF7.Mode=SAI_B_MasterWithClock
PF7.Signal=SAI1_MCLK_B
PF8.GPIOParameters=GPIO_Label
PF8.GPIO_Label=SAI1_SCK_B
PF8.Locked=true
PF8.Mode=SAI_B_MasterWithClock
PF8.Signal=SAI1_SCK_B
PF9.GPIOParameters=GPIO_Label
PF9.GPIO_Label=SAI1_FS_B
PF9.Locked=true
PF9.Mode=SAI_B_MasterWithClock
PF9.Signal=SAI1_FS_B
PG0.GPIOParameters=GPIO_Label
PG0.GPIO_Label=OCSPI2_IO4
PG0.Locked=true
PG0.Mode=OCTOSPI2_IOH_Port2H
PG0.Signal=OCTOSPIM_P2_IO4
PG1.GPIOParameters=GPIO_Label
PG1.GPIO_Label=OCSPI2_IO5
PG1.Locked=true
PG1.Mode=OCTOSPI2_IOH_Port2H
PG1.Signal=OCTOSPIM_P2_IO5
PG10.GPIOParameters=GPIO_Label
PG10.GPIO_Label=OCSPI2_IO6
PG10.Locked=true
PG10.Mode=OCTOSPI2_IOH_Port2H
PG10.Signal=OCTOSPIM_P2_IO6
PG11.GPIOParameters=GPIO_Label
PG11.GPIO_Label=OCSPI2_IO7
PG11.Locked=true
PG11.Mode=OCTOSPI2_IOH_Port2H
PG11.Signal=OCTOSPIM_P2_IO7
PG12.GPIOParameters=GPIO_Label
PG12.GPIO_Label=OCSPI2_NCS
PG12.Locked=true
PG12.Mode=OCTOSPI2_Port2_NCS
PG12.Signal=OCTOSPIM_P2_NCS
PG13.GPIOParameters=GPIO_Label
PG13.GPIO_Label=USB_FS_OVCR
PG13.Locked=true
PG13.Signal=GPXTI13
PG14.GPIOParameters=GPIO_Speed,GPIO_Label
PG14.GPIO_Label=LCD_B0
PG14.GPIO_Speed=GPIO_SPEED_FREQ_LOW
PG14.Locked=true
PG14.Mode=RGB888
PG14.Signal=LTDC_B0
PG15.GPIOParameters=GPIO_Speed,GPIO_Label
PG15.GPIO_Label=LCD_BL_CTRL
PG15.GPIO_Speed=GPIO_SPEED_FREQ_LOW
PG15.Locked=true
PG15.Signal=GPIO_Output
PG2.GPIOParameters=GPIO_Label
PG2.GPIO_Label=CTP_INT
PG2.Locked=true
PG2.Signal=GPXTI2
PG3.GPIOParameters=GPIO_Label
PG3.GPIO_Label=ARD_D2
PG3.Locked=true
PG3.Signal=GPIO_Output
PG4.GPIOParameters=GPIO_Label
PG4.GPIO_Label=ARD_D4
PG4.Locked=true
PG4.Signal=GPIO_Output
PG5.GPIOParameters=GPIO_Label
PG5.GPIO_Label=ARD_D7
PG5.Locked=true
PG5.Signal=GPIO_Output
PG6.GPIOParameters=GPIO_Label
PG6.GPIO_Label=OCSPI1_NCS
PG6.Locked=true
PG6.Mode=OCTOSPI1_Port1_NCS
PG6.Signal=OCTOSPIM_P1_NCS
PG7.GPIOParameters=GPIO_Speed,GPIO_Label
PG7.GPIO_Label=LCD_CLK
PG7.GPIO_Speed=GPIO_SPEED_FREQ_LOW
PG7.Locked=true
PG7.Mode=RGB888
PG7.Signal=LTDC_CLK
PG8.GPIOParameters=GPIO_Label
PG8.GPIO_Label=MEMS_LED
PG8.Locked=true
PG8.Signal=GPIO_Output
PG9.GPIOParameters=GPIO_Label
PG9.GPIO_Label=OCSPI1_IO6
PG9.Locked=true
PG9.Mode=OCTOSPI1_IOH_Port1H
PG9.Signal=OCTOSPIM_P1_IO6
PH0-OSC_IN.Mode=HSE-External-Oscillator
PH0-OSC_IN.Signal=RCC_OSC_IN
PH1-OSC_OUT.Mode=HSE-External-Oscillator
PH1-OSC_OUT.Signal=RCC_OSC_OUT
PH10.GPIOParameters=GPIO_Speed,GPIO_Label
PH10.GPIO_Label=LCD_R4
PH10.GPIO_Speed=GPIO_SPEED_FREQ_LOW
PH10.Locked=true
PH10.Mode=RGB888
PH10.Signal=LTDC_R4
PH11.GPIOParameters=GPIO_Speed,GPIO_Label
PH11.GPIO_Label=LCD_R5
PH11.GPIO_Speed=GPIO_SPEED_FREQ_LOW
PH11.Locked=true
PH11.Mode=RGB888
PH11.Signal=LTDC_R5
PH12.GPIOParameters=GPIO_Label
PH12.GPIO_Label=STMOD\#11-INT
PH12.Locked=true
PH12.Signal=GPXTI12
PH13.GPIOParameters=GPIO_Label
PH13.GPIO_Label=FDCAN1_TX
PH13.Locked=true
PH13.Mode=FDCAN_Activate
PH13.Signal=FDCAN1_TX
PH14.GPIOParameters=GPIO_Label
PH14.GPIO_Label=FDCAN1_RX
PH14.Locked=true
PH14.Mode=FDCAN_Activate
PH14.Signal=FDCAN1_RX
PH15.GPIOParameters=GPIO_Speed,GPIO_Label
PH15.GPIO_Label=LCD_G4
PH15.GPIO_Speed=GPIO_SPEED_FREQ_LOW
PH15.Locked=true
PH15.Mode=RGB888
PH15.Signal=LTDC_G4
PH2.GPIOParameters=GPIO_Label
PH2.GPIO_Label=ARD_A1
PH2.Locked=true
PH2.Mode=IN13-Single-Ended
PH2.Signal=ADC3_INP13
PH3.GPIOParameters=GPIO_Speed,GPIO_Label
PH3.GPIO_Label=LCD_R1
PH3.GPIO_Speed=GPIO_SPEED_FREQ_LOW
PH3.Locked=true
PH3.Mode=RGB888
PH3.Signal=LTDC_R1
PH4.GPIOParameters=GPIO_Speed,GPIO_Label
PH4.GPIO_Label=LCD_G5
PH4.GPIO_Speed=GPIO_SPEED_FREQ_LOW
PH4.Locked=true
PH4.Mode=RGB888
PH4.Signal=LTDC_G5
PH5.GPIOParameters=GPIO_Label
PH5.GPIO_Label=USB_FS_PWR_EN
PH5.Locked=true
PH5.Signal=GPIO_Output
PH6.GPIOParameters=GPIO_Speed,GPIO_Label
PH6.GPIO_Label=LCD_RST
PH6.GPIO_Speed=GPIO_SPEED_FREQ_LOW
PH6.Locked=true
PH6.Signal=GPIO_Output
PH7.GPIOParameters=GPIO_Label
PH7.GPIO_Label=SPI5_MISO
PH7.Locked=true
PH7.Signal=SPI5_MISO
PH8.GPIOParameters=GPIO_Speed,GPIO_Label
PH8.GPIO_Label=LCD_R2
PH8.GPIO_Speed=GPIO_SPEED_FREQ_LOW
PH8.Locked=true
PH8.Mode=RGB888
PH8.Signal=LTDC_R2
PH9.GPIOParameters=GPIO_Speed,GPIO_Label
PH9.GPIO_Label=LCD_R3
PH9.GPIO_Speed=GPIO_SPEED_FREQ_LOW
PH9.Locked=true
PH9.Mode=RGB888
PH9.Signal=LTDC_R3
PinOutPanel.CurrentBGAView=Top
PinOutPanel.RotationAngle=0
ProjectManager.AskForMigrate=true
ProjectManager.BackupPrevious=false
ProjectManager.CompilerOptimize=6
ProjectManager.ComputerToolchain=false
ProjectManager.CoupleFile=false
ProjectManager.CustomerFirmwarePackage=
ProjectManager.DefaultFWLocation=true
ProjectManager.DeletePrevious=true
ProjectManager.DeviceId=STM32H735IGKx
ProjectManager.FirmwarePackage=STM32Cube FW_H7 V1.10.0
ProjectManager.FreePins=false
ProjectManager.HalAssertFull=false
ProjectManager.HeapSize=0x200
ProjectManager.KeepUserCode=true
ProjectManager.LastFirmware=true
ProjectManager.LibraryCopy=1
ProjectManager.MainLocation=Core/Src
ProjectManager.NoMain=false
ProjectManager.PreviousToolchain=
ProjectManager.ProjectBuild=false
ProjectManager.ProjectFileName=CANOpenNode-STM32H7-DK.ioc
ProjectManager.ProjectName=CANOpenNode-STM32H7-DK
ProjectManager.RegisterCallBack=
ProjectManager.StackSize=0x400
ProjectManager.TargetToolchain=STM32CubeIDE
ProjectManager.ToolChainLocation=
ProjectManager.UnderRoot=true
ProjectManager.functionlistsort=1-SystemClock_Config-RCC-false-HAL-false,2-MX_GPIO_Init-GPIO-false-HAL-true,3-MX_ADC1_Init-ADC1-false-HAL-true,4-MX_ADC2_Init-ADC2-false-HAL-true,5-MX_ADC3_Init-ADC3-false-HAL-true,6-MX_DAC1_Init-DAC1-false-HAL-true,7-MX_ETH_Init-ETH-false-HAL-true,8-MX_FDCAN1_Init-FDCAN1-false-HAL-true,9-MX_FDCAN2_Init-FDCAN2-false-HAL-true,10-MX_I2C4_Init-I2C4-false-HAL-true,11-MX_LTDC_Init-LTDC-false-HAL-true,12-MX_OCTOSPI1_Init-OCTOSPI1-false-HAL-true,13-MX_OCTOSPI2_Init-OCTOSPI2-false-HAL-true,14-MX_SAI1_Init-SAI1-false-HAL-true,15-MX_SDMMC1_SD_Init-SDMMC1-false-HAL-true,16-MX_TIM1_Init-TIM1-false-HAL-true,17-MX_TIM4_Init-TIM4-false-HAL-true,18-MX_TIM5_Init-TIM5-false-HAL-true,19-MX_USART1_UART_Init-USART1-false-HAL-true,20-MX_USART3_UART_Init-USART3-false-HAL-true,21-MX_USB_OTG_HS_USB_Init-USB_OTG_HS-false-HAL-true,22-MX_TIM17_Init-TIM17-false-HAL-true,0-MX_CORTEX_M7_Init-CORTEX_M7-false-HAL-true
RCC.ADCFreq_Value=80000000
RCC.AHB12Freq_Value=275000000
RCC.AHB4Freq_Value=275000000
RCC.APB1Freq_Value=137500000
RCC.APB2Freq_Value=137500000
RCC.APB3Freq_Value=137500000
RCC.APB4Freq_Value=137500000
RCC.AXIClockFreq_Value=275000000
RCC.CECFreq_Value=32000
RCC.CKPERFreq_Value=64000000
RCC.CortexFreq_Value=550000000
RCC.CpuClockFreq_Value=550000000
RCC.D1CPREFreq_Value=550000000
RCC.D1PPRE=RCC_APB3_DIV2
RCC.D2PPRE1=RCC_APB1_DIV2
RCC.D2PPRE2=RCC_APB2_DIV2
RCC.D3PPRE=RCC_APB4_DIV2
RCC.DFSDMACLkFreq_Value=110000000
RCC.DFSDMFreq_Value=137500000
RCC.DIVM1=5
RCC.DIVM2=5
RCC.DIVN1=110
RCC.DIVN2=80
RCC.DIVP1=1
RCC.DIVP1Freq_Value=550000000
RCC.DIVP2=5
RCC.DIVP2Freq_Value=80000000
RCC.DIVP3Freq_Value=50390625
RCC.DIVQ1=5
RCC.DIVQ1Freq_Value=110000000
RCC.DIVQ2Freq_Value=200000000
RCC.DIVQ3Freq_Value=50390625
RCC.DIVR1Freq_Value=275000000
RCC.DIVR2Freq_Value=200000000
RCC.DIVR3Freq_Value=50390625
RCC.FDCANFreq_Value=110000000
RCC.FMCFreq_Value=275000000
RCC.FamilyName=M
RCC.HCLK3ClockFreq_Value=275000000
RCC.HCLKFreq_Value=275000000
RCC.HPRE=RCC_HCLK_DIV2
RCC.I2C123Freq_Value=137500000
RCC.I2C4Freq_Value=137500000
RCC.IPParameters=ADCFreq_Value,AHB12Freq_Value,AHB4Freq_Value,APB1Freq_Value,APB2Freq_Value,APB3Freq_Value,APB4Freq_Value,AXIClockFreq_Value,CECFreq_Value,CKPERFreq_Value,CortexFreq_Value,CpuClockFreq_Value,D1CPREFreq_Value,D1PPRE,D2PPRE1,D2PPRE2,D3PPRE,DFSDMACLkFreq_Value,DFSDMFreq_Value,DIVM1,DIVM2,DIVN1,DIVN2,DIVP1,DIVP1Freq_Value,DIVP2,DIVP2Freq_Value,DIVP3Freq_Value,DIVQ1,DIVQ1Freq_Value,DIVQ2Freq_Value,DIVQ3Freq_Value,DIVR1Freq_Value,DIVR2Freq_Value,DIVR3Freq_Value,FDCANFreq_Value,FMCFreq_Value,FamilyName,HCLK3ClockFreq_Value,HCLKFreq_Value,HPRE,I2C123Freq_Value,I2C4Freq_Value,LPTIM1Freq_Value,LPTIM2Freq_Value,LPTIM345Freq_Value,LPUART1Freq_Value,LTDCFreq_Value,MCO1PinFreq_Value,MCO2PinFreq_Value,PLL2FRACN,PLL3FRACN,PLLFRACN,PLLSourceVirtual,QSPIFreq_Value,RNGFreq_Value,RTCFreq_Value,SAI1Freq_Value,SAI4AFreq_Value,SAI4BFreq_Value,SDMMCFreq_Value,SPDIFRXFreq_Value,SPI123Freq_Value,SPI45Freq_Value,SPI6Freq_Value,SWPMI1Freq_Value,SYSCLKFreq_VALUE,SYSCLKSource,Tim1OutputFreq_Value,Tim2OutputFreq_Value,TraceFreq_Value,USART16Freq_Value,USART234578Freq_Value,USBCLockSelection,USBFreq_Value,VCO1OutputFreq_Value,VCO2OutputFreq_Value,VCO3OutputFreq_Value,VCOInput1Freq_Value,VCOInput2Freq_Value,VCOInput3Freq_Value
RCC.LPTIM1Freq_Value=137500000
RCC.LPTIM2Freq_Value=137500000
RCC.LPTIM345Freq_Value=137500000
RCC.LPUART1Freq_Value=137500000
RCC.LTDCFreq_Value=50390625
RCC.MCO1PinFreq_Value=64000000
RCC.MCO2PinFreq_Value=550000000
RCC.PLL2FRACN=0
RCC.PLL3FRACN=0
RCC.PLLFRACN=0
RCC.PLLSourceVirtual=RCC_PLLSOURCE_HSE
RCC.QSPIFreq_Value=275000000
RCC.RNGFreq_Value=48000000
RCC.RTCFreq_Value=32000
RCC.SAI1Freq_Value=110000000
RCC.SAI4AFreq_Value=110000000
RCC.SAI4BFreq_Value=110000000
RCC.SDMMCFreq_Value=110000000
RCC.SPDIFRXFreq_Value=110000000
RCC.SPI123Freq_Value=110000000
RCC.SPI45Freq_Value=137500000
RCC.SPI6Freq_Value=137500000
RCC.SWPMI1Freq_Value=137500000
RCC.SYSCLKFreq_VALUE=550000000
RCC.SYSCLKSource=RCC_SYSCLKSOURCE_PLLCLK
RCC.Tim1OutputFreq_Value=275000000
RCC.Tim2OutputFreq_Value=275000000
RCC.TraceFreq_Value=275000000
RCC.USART16Freq_Value=137500000
RCC.USART234578Freq_Value=137500000
RCC.USBCLockSelection=RCC_USBCLKSOURCE_HSI48
RCC.USBFreq_Value=48000000
RCC.VCO1OutputFreq_Value=550000000
RCC.VCO2OutputFreq_Value=400000000
RCC.VCO3OutputFreq_Value=100781250
RCC.VCOInput1Freq_Value=5000000
RCC.VCOInput2Freq_Value=5000000
RCC.VCOInput3Freq_Value=781250
SAI1.ErrorAudioFreq-SAI_B_MasterWithClock=11.89 %
SAI1.IPParameters=Instance-SAI_B_MasterWithClock,VirtualMode-SAI_B_MasterWithClock,MckOutput-SAI_B_MasterWithClock,RealAudioFreq-SAI_B_MasterWithClock,ErrorAudioFreq-SAI_B_MasterWithClock,Instance-SAI_A_SyncSlave,VirtualMode-SAI_A_SyncSlave
SAI1.Instance-SAI_A_SyncSlave=SAI$Index_Block_A
SAI1.Instance-SAI_B_MasterWithClock=SAI$Index_Block_B
SAI1.MckOutput-SAI_B_MasterWithClock=SAI_MCK_OUTPUT_ENABLE
SAI1.RealAudioFreq-SAI_B_MasterWithClock=214.843 KHz
SAI1.VirtualMode-SAI_A_SyncSlave=VM_SLAVE
SAI1.VirtualMode-SAI_B_MasterWithClock=VM_MASTER
SH.ADCx_INP0.0=ADC1_INP0
SH.ADCx_INP0.1=ADC2_INP0,IN0-Single-Ended
SH.ADCx_INP0.ConfNb=2
SH.ADCx_INP1.0=ADC2_INP1
SH.ADCx_INP1.1=ADC1_INP1,IN1-Single-Ended
SH.ADCx_INP1.ConfNb=2
SH.ADCx_INP10.0=ADC1_INP10,IN10-Single-Ended
SH.ADCx_INP10.ConfNb=1
SH.COMP_DAC12_group.0=DAC1_OUT2,DAC_OUT2
SH.COMP_DAC12_group.ConfNb=1
SH.GPXTI12.0=GPIO_EXTI12
SH.GPXTI12.ConfNb=1
SH.GPXTI13.0=GPIO_EXTI13
SH.GPXTI13.ConfNb=1
SH.GPXTI2.0=GPIO_EXTI2
SH.GPXTI2.ConfNb=1
SH.GPXTI5.0=GPIO_EXTI5
SH.GPXTI5.ConfNb=1
SH.GPXTI8.0=GPIO_EXTI8
SH.GPXTI8.ConfNb=1
SH.S_TIM1_CH4.0=TIM1_CH4,PWM Generation4 CH4
SH.S_TIM1_CH4.ConfNb=1
SH.S_TIM4_CH2.0=TIM4_CH2,PWM Generation2 CH2
SH.S_TIM4_CH2.ConfNb=1
SH.S_TIM4_CH3.0=TIM4_CH3,PWM Generation3 CH3
SH.S_TIM4_CH3.ConfNb=1
SH.S_TIM4_CH4.0=TIM4_CH4,PWM Generation4 CH4
SH.S_TIM4_CH4.ConfNb=1
SH.S_TIM5_CH1.0=TIM5_CH1,PWM Generation1 CH1
SH.S_TIM5_CH1.ConfNb=1
TIM1.Channel-PWM\ Generation4\ CH4=TIM_CHANNEL_4
TIM1.IPParameters=Channel-PWM Generation4 CH4
TIM17.IPParameters=Prescaler,Period
TIM17.Period=1000
TIM17.Prescaler=274
TIM4.Channel-PWM\ Generation2\ CH2=TIM_CHANNEL_2
TIM4.Channel-PWM\ Generation3\ CH3=TIM_CHANNEL_3
TIM4.Channel-PWM\ Generation4\ CH4=TIM_CHANNEL_4
TIM4.IPParameters=Channel-PWM Generation2 CH2,Channel-PWM Generation4 CH4,Channel-PWM Generation3 CH3
TIM5.Channel-PWM\ Generation1\ CH1=TIM_CHANNEL_1
TIM5.IPParameters=Channel-PWM Generation1 CH1
USART1.IPParameters=VirtualMode-Asynchronous
USART1.VirtualMode-Asynchronous=VM_ASYNC
USART3.IPParameters=VirtualMode-Asynchronous
USART3.VirtualMode-Asynchronous=VM_ASYNC
VP_OCTOSPI1_VS_octo.Mode=octo_mode
VP_OCTOSPI1_VS_octo.Signal=OCTOSPI1_VS_octo
VP_OCTOSPI2_VS_octo.Mode=hyperbus_mode
VP_OCTOSPI2_VS_octo.Signal=OCTOSPI2_VS_octo
VP_SYS_VS_Systick.Mode=SysTick
VP_SYS_VS_Systick.Signal=SYS_VS_Systick
VP_TIM17_VS_ClockSourceINT.Mode=Enable_Timer
VP_TIM17_VS_ClockSourceINT.Signal=TIM17_VS_ClockSourceINT
board=STM32H735G-DK
boardIOC=true
isbadioc=false
