#MicroXplorer Configuration settings - do not modify
CAN.ABOM=ENABLE
CAN.BS1=CAN_BS1_10TQ
CAN.CalculateBaudRate=124999
CAN.CalculateTimeBit=8000
CAN.CalculateTimeQuantum=666.6666666666667
CAN.IPParameters=CalculateTimeQuantum,CalculateTimeBit,CalculateBaudRate,Prescaler,BS1,NART,ABOM
CAN.NART=ENABLE
CAN.Prescaler=24
File.Version=6
KeepUserPlacement=false
Mcu.CPN=STM32F303ZET6
Mcu.Family=STM32F3
Mcu.IP0=CAN
Mcu.IP1=NVIC
Mcu.IP2=RCC
Mcu.IP3=RTC
Mcu.IP4=SYS
Mcu.IP5=TIM17
Mcu.IP6=USART3
Mcu.IP7=USB
Mcu.IPNb=8
Mcu.Name=STM32F303Z(D-E)Tx
Mcu.Package=LQFP144
Mcu.Pin0=PC13
Mcu.Pin1=PC14-OSC32_IN
Mcu.Pin10=PA11
Mcu.Pin11=PA12
Mcu.Pin12=PA13
Mcu.Pin13=PA14
Mcu.Pin14=PB3
Mcu.Pin15=PB7
Mcu.Pin16=PB8
Mcu.Pin17=PB9
Mcu.Pin18=VP_RTC_VS_RTC_Activate
Mcu.Pin19=VP_SYS_VS_Systick
Mcu.Pin2=PC15-OSC32_OUT
Mcu.Pin20=VP_TIM17_VS_ClockSourceINT
Mcu.Pin3=PF0-OSC_IN
Mcu.Pin4=PB0
Mcu.Pin5=PB14
Mcu.Pin6=PD8
Mcu.Pin7=PD9
Mcu.Pin8=PG6
Mcu.Pin9=PG7
Mcu.PinsNb=21
Mcu.ThirdPartyNb=0
Mcu.UserConstants=
Mcu.UserName=STM32F303ZETx
MxCube.Version=6.5.0
MxDb.Version=DB.6.0.50
NVIC.BusFault_IRQn=true\:0\:0\:false\:false\:true\:true\:false\:false
NVIC.CAN_RX1_IRQn=true\:0\:0\:false\:false\:true\:true\:true\:true
NVIC.CAN_SCE_IRQn=true\:0\:0\:false\:false\:true\:true\:true\:true
NVIC.DebugMonitor_IRQn=true\:0\:0\:false\:false\:true\:true\:false\:false
NVIC.ForceEnableDMAVector=true
NVIC.HardFault_IRQn=true\:0\:0\:false\:false\:true\:true\:false\:false
NVIC.MemoryManagement_IRQn=true\:0\:0\:false\:false\:true\:true\:false\:false
NVIC.NonMaskableInt_IRQn=true\:0\:0\:false\:false\:true\:true\:false\:false
NVIC.PendSV_IRQn=true\:0\:0\:false\:false\:true\:true\:false\:false
NVIC.PriorityGroup=NVIC_PRIORITYGROUP_4
NVIC.SVCall_IRQn=true\:0\:0\:false\:false\:true\:true\:false\:false
NVIC.SysTick_IRQn=true\:0\:0\:false\:false\:true\:true\:true\:false
NVIC.TIM1_TRG_COM_TIM17_IRQn=true\:0\:0\:false\:false\:true\:true\:true\:true
NVIC.USB_HP_CAN_TX_IRQn=true\:0\:0\:false\:false\:true\:true\:true\:true
NVIC.USB_LP_CAN_RX0_IRQn=true\:0\:0\:false\:false\:true\:true\:true\:true
NVIC.UsageFault_IRQn=true\:0\:0\:false\:false\:true\:true\:false\:false
PA11.GPIOParameters=GPIO_Label
PA11.GPIO_Label=USB_DM
PA11.Locked=true
PA11.Mode=Device
PA11.Signal=USB_DM
PA12.GPIOParameters=GPIO_Label
PA12.GPIO_Label=USB_DP
PA12.Locked=true
PA12.Mode=Device
PA12.Signal=USB_DP
PA13.GPIOParameters=GPIO_Label
PA13.GPIO_Label=TMS
PA13.Locked=true
PA13.Mode=Serial_Wire
PA13.Signal=SYS_JTMS-SWDIO
PA14.GPIOParameters=GPIO_Label
PA14.GPIO_Label=TCK
PA14.Locked=true
PA14.Mode=Serial_Wire
PA14.Signal=SYS_JTCK-SWCLK
PB0.GPIOParameters=GPIO_Label
PB0.GPIO_Label=LD1 [Green]
PB0.Locked=true
PB0.Signal=GPIO_Output
PB14.GPIOParameters=GPIO_Label
PB14.GPIO_Label=LD3 [Red]
PB14.Locked=true
PB14.Signal=GPIO_Output
PB3.GPIOParameters=GPIO_Label
PB3.GPIO_Label=SWO
PB3.Locked=true
PB3.Signal=SYS_JTDO-TRACESWO
PB7.GPIOParameters=GPIO_Label
PB7.GPIO_Label=LD2 [Blue]
PB7.Locked=true
PB7.Signal=GPIO_Output
PB8.Locked=true
PB8.Mode=CAN_Activate
PB8.Signal=CAN_RX
PB9.Locked=true
PB9.Mode=CAN_Activate
PB9.Signal=CAN_TX
PC13.GPIOParameters=GPIO_Label
PC13.GPIO_Label=USER_Btn [B1]
PC13.Locked=true
PC13.Signal=GPXTI13
PC14-OSC32_IN.Locked=true
PC14-OSC32_IN.Mode=LSE-External-Oscillator
PC14-OSC32_IN.Signal=RCC_OSC32_IN
PC15-OSC32_OUT.Locked=true
PC15-OSC32_OUT.Mode=LSE-External-Oscillator
PC15-OSC32_OUT.Signal=RCC_OSC32_OUT
PD8.GPIOParameters=GPIO_Label
PD8.GPIO_Label=STLK_RX [STM32F103CBT6_PA3]
PD8.Locked=true
PD8.Mode=Asynchronous
PD8.Signal=USART3_TX
PD9.GPIOParameters=GPIO_Label
PD9.GPIO_Label=STLK_TX [STM32F103CBT6_PA2]
PD9.Locked=true
PD9.Mode=Asynchronous
PD9.Signal=USART3_RX
PF0-OSC_IN.GPIOParameters=GPIO_Label
PF0-OSC_IN.GPIO_Label=MCO [STM32F103CBT6_PA8]
PF0-OSC_IN.Locked=true
PF0-OSC_IN.Mode=HSE-External-Clock-Source
PF0-OSC_IN.Signal=RCC_OSC_IN
PG6.GPIOParameters=GPIO_Label
PG6.GPIO_Label=USB_PowerSwitchOn [STMPS2151STR_EN]
PG6.Locked=true
PG6.Signal=GPIO_Output
PG7.GPIOParameters=GPIO_Label
PG7.GPIO_Label=USB_OverCurrent [STMPS2151STR_FAULT]
PG7.Locked=true
PG7.Signal=GPIO_Input
PinOutPanel.RotationAngle=0
ProjectManager.AskForMigrate=true
ProjectManager.BackupPrevious=true
ProjectManager.CompilerOptimize=6
ProjectManager.ComputerToolchain=false
ProjectManager.CoupleFile=true
ProjectManager.CustomerFirmwarePackage=
ProjectManager.DefaultFWLocation=true
ProjectManager.DeletePrevious=true
ProjectManager.DeviceId=STM32F303ZETx
ProjectManager.FirmwarePackage=STM32Cube FW_F3 V1.11.3
ProjectManager.FreePins=false
ProjectManager.HalAssertFull=false
ProjectManager.HeapSize=0x200
ProjectManager.KeepUserCode=true
ProjectManager.LastFirmware=true
ProjectManager.LibraryCopy=1
ProjectManager.MainLocation=Core/Src
ProjectManager.NoMain=false
ProjectManager.PreviousToolchain=
ProjectManager.ProjectBuild=false
ProjectManager.ProjectFileName=CANOpenNode-NUCLEO-STM32F303ZE.ioc
ProjectManager.ProjectName=CANOpenNode-NUCLEO-STM32F303ZE
ProjectManager.RegisterCallBack=
ProjectManager.StackSize=0x400
ProjectManager.TargetToolchain=STM32CubeIDE
ProjectManager.ToolChainLocation=
ProjectManager.UnderRoot=true
ProjectManager.functionlistsort=1-MX_GPIO_Init-GPIO-false-HAL-true,2-SystemClock_Config-RCC-false-LL-false,3-MX_RTC_Init-RTC-false-HAL-true,4-MX_USART3_UART_Init-USART3-false-HAL-true,5-MX_USB_PCD_Init-USB-false-HAL-true,6-MX_CAN_Init-CAN-false-HAL-true,7-MX_TIM17_Init-TIM17-false-HAL-true
RCC.ADC12outputFreq_Value=72000000
RCC.ADC34outputFreq_Value=72000000
RCC.AHBFreq_Value=72000000
RCC.APB1CLKDivider=RCC_HCLK_DIV2
RCC.APB1Freq_Value=36000000
RCC.APB1TimFreq_Value=72000000
RCC.APB2Freq_Value=72000000
RCC.APB2TimFreq_Value=72000000
RCC.CortexFreq_Value=72000000
RCC.FCLKCortexFreq_Value=72000000
RCC.FamilyName=M
RCC.HCLKFreq_Value=72000000
RCC.HSE_VALUE=8000000
RCC.HSI_VALUE=8000000
RCC.I2C1Freq_Value=8000000
RCC.I2C2Freq_Value=8000000
RCC.I2C3Freq_Value=8000000
RCC.I2SClocksFreq_Value=72000000
RCC.IPParameters=ADC12outputFreq_Value,ADC34outputFreq_Value,AHBFreq_Value,APB1CLKDivider,APB1Freq_Value,APB1TimFreq_Value,APB2Freq_Value,APB2TimFreq_Value,CortexFreq_Value,FCLKCortexFreq_Value,FamilyName,HCLKFreq_Value,HSE_VALUE,HSI_VALUE,I2C1Freq_Value,I2C2Freq_Value,I2C3Freq_Value,I2SClocksFreq_Value,LSI_VALUE,MCOFreq_Value,PLLCLKFreq_Value,PLLMCOFreq_Value,PLLMUL,PRESCALERUSB,RTCFreq_Value,RTCHSEDivFreq_Value,SYSCLKFreq_VALUE,SYSCLKSourceVirtual,TIM15Freq_Value,TIM16Freq_Value,TIM17Freq_Value,TIM1Freq_Value,TIM20Freq_Value,TIM2Freq_Value,TIM3Freq_Value,TIM8Freq_Value,UART4Freq_Value,UART5Freq_Value,USART1Freq_Value,USART2Freq_Value,USART3Freq_Value,USBFreq_Value,VCOOutput2Freq_Value
RCC.LSI_VALUE=40000
RCC.MCOFreq_Value=72000000
RCC.PLLCLKFreq_Value=72000000
RCC.PLLMCOFreq_Value=72000000
RCC.PLLMUL=RCC_PLL_MUL9
RCC.PRESCALERUSB=RCC_USBCLKSOURCE_PLL_DIV1_5
RCC.RTCFreq_Value=40000
RCC.RTCHSEDivFreq_Value=250000
RCC.SYSCLKFreq_VALUE=72000000
RCC.SYSCLKSourceVirtual=RCC_SYSCLKSOURCE_PLLCLK
RCC.TIM15Freq_Value=72000000
RCC.TIM16Freq_Value=72000000
RCC.TIM17Freq_Value=72000000
RCC.TIM1Freq_Value=72000000
RCC.TIM20Freq_Value=72000000
RCC.TIM2Freq_Value=72000000
RCC.TIM3Freq_Value=72000000
RCC.TIM8Freq_Value=72000000
RCC.UART4Freq_Value=36000000
RCC.UART5Freq_Value=36000000
RCC.USART1Freq_Value=72000000
RCC.USART2Freq_Value=36000000
RCC.USART3Freq_Value=36000000
RCC.USBFreq_Value=48000000
RCC.VCOOutput2Freq_Value=8000000
SH.GPXTI13.0=GPIO_EXTI13
SH.GPXTI13.ConfNb=1
TIM17.IPParameters=Prescaler,Period
TIM17.Period=999
TIM17.Prescaler=71
USART3.BaudRate=115200
USART3.IPParameters=VirtualMode-Asynchronous,BaudRate
USART3.VirtualMode-Asynchronous=VM_ASYNC
VP_RTC_VS_RTC_Activate.Mode=RTC_Enabled
VP_RTC_VS_RTC_Activate.Signal=RTC_VS_RTC_Activate
VP_SYS_VS_Systick.Mode=SysTick
VP_SYS_VS_Systick.Signal=SYS_VS_Systick
VP_TIM17_VS_ClockSourceINT.Mode=Enable_Timer
VP_TIM17_VS_ClockSourceINT.Signal=TIM17_VS_ClockSourceINT
board=NUCLEO-F303ZE
boardIOC=true
isbadioc=false
